
Microsoft Visual Studio Solution File, Format Version 12.00
# Visual Studio Version 16
VisualStudioVersion = 16.0.30011.22
MinimumVisualStudioVersion = 10.0.40219.1
Project("{00D1A9C2-B5F0-4AF3-8072-F6C62B433612}") = "ProjectWarshipDB", "ProjectWarshipDB\ProjectWarshipDB.sqlproj", "{8A54C205-C046-4608-A3CC-FBD194AA64CF}"
EndProject
Global
	GlobalSection(SolutionConfigurationPlatforms) = preSolution
		Debug|Any CPU = Debug|Any CPU
		Release|Any CPU = Release|Any CPU
	EndGlobalSection
	GlobalSection(ProjectConfigurationPlatforms) = postSolution
		{8A54C205-C046-4608-A3CC-FBD194AA64CF}.Debug|Any CPU.ActiveCfg = Debug|Any CPU
		{8A54C205-C046-4608-A3CC-FBD194AA64CF}.Debug|Any CPU.Build.0 = Debug|Any CPU
		{8A54C205-C046-4608-A3CC-FBD194AA64CF}.Debug|Any CPU.Deploy.0 = Debug|Any CPU
		{8A54C205-C046-4608-A3CC-FBD194AA64CF}.Release|Any CPU.ActiveCfg = Release|Any CPU
		{8A54C205-C046-4608-A3CC-FBD194AA64CF}.Release|Any CPU.Build.0 = Release|Any CPU
		{8A54C205-C046-4608-A3CC-FBD194AA64CF}.Release|Any CPU.Deploy.0 = Release|Any CPU
	EndGlobalSection
	GlobalSection(SolutionProperties) = preSolution
		HideSolutionNode = FALSE
	EndGlobalSection
	GlobalSection(ExtensibilityGlobals) = postSolution
		SolutionGuid = {AD51B367-2ED9-4481-8B57-EFCA1603AC75}
	EndGlobalSection
EndGlobal
