
Microsoft Visual Studio Solution File, Format Version 12.00
# Visual Studio Version 16
VisualStudioVersion = 16.0.30011.22
MinimumVisualStudioVersion = 10.0.40219.1
Project("{00D1A9C2-B5F0-4AF3-8072-F6C62B433612}") = "ProjectWarshipDB", "ProjectWarshipDB\ProjectWarshipDB.sqlproj", "{8A54C205-C046-4608-A3CC-FBD194AA64CF}"
EndProject
Project("{2150E333-8FDC-42A3-9474-1A3956D46DE8}") = "04 - DB", "04 - DB", "{34FC994A-8C5F-43EB-A1AF-3F818EF6BFA1}"
EndProject
Project("{2150E333-8FDC-42A3-9474-1A3956D46DE8}") = "03 - DAL", "03 - DAL", "{7FB99AA4-13E1-4547-BA27-969192752DFE}"
EndProject
Project("{9A19103F-16F7-4668-BE54-9A1E7A4F7556}") = "Warships_DAL", "Warships_DAL\Warships_DAL.csproj", "{9E05548B-50E3-4783-A73F-C1D761996765}"
EndProject
Project("{2150E333-8FDC-42A3-9474-1A3956D46DE8}") = "02 - API", "02 - API", "{DBA25E96-9FC2-4573-A7FE-F3DBA8E8607B}"
EndProject
Project("{9A19103F-16F7-4668-BE54-9A1E7A4F7556}") = "ProjectWarships_API", "ProjectWarships_API\ProjectWarships_API.csproj", "{BF5F3C24-F345-45B2-B024-CA1F1B516C98}"
EndProject
Project("{2150E333-8FDC-42A3-9474-1A3956D46DE8}") = "01 - WEB", "01 - WEB", "{D4A56D2F-449C-48A4-B181-A153B4B14C63}"
EndProject
Project("{9A19103F-16F7-4668-BE54-9A1E7A4F7556}") = "ProjectWarships_Web", "ProjectWarships_Web\ProjectWarships_Web.csproj", "{C8A6FAB2-F96E-4B4D-B63C-091AF5D9FD64}"
EndProject
Project("{2150E333-8FDC-42A3-9474-1A3956D46DE8}") = "05-Toolbox", "05-Toolbox", "{8BC23C91-2A9C-46ED-9DB8-882596F9F5AC}"
EndProject
Project("{9A19103F-16F7-4668-BE54-9A1E7A4F7556}") = "ProjectWarships_Tools", "ProjectWarships_Tools\ProjectWarships_Tools.csproj", "{1F55AC8F-D4C9-4867-A491-5EBB427234E8}"
EndProject
Global
	GlobalSection(SolutionConfigurationPlatforms) = preSolution
		Debug|Any CPU = Debug|Any CPU
		Release|Any CPU = Release|Any CPU
	EndGlobalSection
	GlobalSection(ProjectConfigurationPlatforms) = postSolution
		{8A54C205-C046-4608-A3CC-FBD194AA64CF}.Debug|Any CPU.ActiveCfg = Debug|Any CPU
		{8A54C205-C046-4608-A3CC-FBD194AA64CF}.Debug|Any CPU.Build.0 = Debug|Any CPU
		{8A54C205-C046-4608-A3CC-FBD194AA64CF}.Debug|Any CPU.Deploy.0 = Debug|Any CPU
		{8A54C205-C046-4608-A3CC-FBD194AA64CF}.Release|Any CPU.ActiveCfg = Release|Any CPU
		{8A54C205-C046-4608-A3CC-FBD194AA64CF}.Release|Any CPU.Build.0 = Release|Any CPU
		{8A54C205-C046-4608-A3CC-FBD194AA64CF}.Release|Any CPU.Deploy.0 = Release|Any CPU
		{9E05548B-50E3-4783-A73F-C1D761996765}.Debug|Any CPU.ActiveCfg = Debug|Any CPU
		{9E05548B-50E3-4783-A73F-C1D761996765}.Debug|Any CPU.Build.0 = Debug|Any CPU
		{9E05548B-50E3-4783-A73F-C1D761996765}.Release|Any CPU.ActiveCfg = Release|Any CPU
		{9E05548B-50E3-4783-A73F-C1D761996765}.Release|Any CPU.Build.0 = Release|Any CPU
		{BF5F3C24-F345-45B2-B024-CA1F1B516C98}.Debug|Any CPU.ActiveCfg = Debug|Any CPU
		{BF5F3C24-F345-45B2-B024-CA1F1B516C98}.Debug|Any CPU.Build.0 = Debug|Any CPU
		{BF5F3C24-F345-45B2-B024-CA1F1B516C98}.Release|Any CPU.ActiveCfg = Release|Any CPU
		{BF5F3C24-F345-45B2-B024-CA1F1B516C98}.Release|Any CPU.Build.0 = Release|Any CPU
		{C8A6FAB2-F96E-4B4D-B63C-091AF5D9FD64}.Debug|Any CPU.ActiveCfg = Debug|Any CPU
		{C8A6FAB2-F96E-4B4D-B63C-091AF5D9FD64}.Debug|Any CPU.Build.0 = Debug|Any CPU
		{C8A6FAB2-F96E-4B4D-B63C-091AF5D9FD64}.Release|Any CPU.ActiveCfg = Release|Any CPU
		{C8A6FAB2-F96E-4B4D-B63C-091AF5D9FD64}.Release|Any CPU.Build.0 = Release|Any CPU
		{1F55AC8F-D4C9-4867-A491-5EBB427234E8}.Debug|Any CPU.ActiveCfg = Debug|Any CPU
		{1F55AC8F-D4C9-4867-A491-5EBB427234E8}.Debug|Any CPU.Build.0 = Debug|Any CPU
		{1F55AC8F-D4C9-4867-A491-5EBB427234E8}.Release|Any CPU.ActiveCfg = Release|Any CPU
		{1F55AC8F-D4C9-4867-A491-5EBB427234E8}.Release|Any CPU.Build.0 = Release|Any CPU
	EndGlobalSection
	GlobalSection(SolutionProperties) = preSolution
		HideSolutionNode = FALSE
	EndGlobalSection
	GlobalSection(NestedProjects) = preSolution
		{8A54C205-C046-4608-A3CC-FBD194AA64CF} = {34FC994A-8C5F-43EB-A1AF-3F818EF6BFA1}
		{9E05548B-50E3-4783-A73F-C1D761996765} = {7FB99AA4-13E1-4547-BA27-969192752DFE}
		{BF5F3C24-F345-45B2-B024-CA1F1B516C98} = {DBA25E96-9FC2-4573-A7FE-F3DBA8E8607B}
		{C8A6FAB2-F96E-4B4D-B63C-091AF5D9FD64} = {D4A56D2F-449C-48A4-B181-A153B4B14C63}
		{1F55AC8F-D4C9-4867-A491-5EBB427234E8} = {8BC23C91-2A9C-46ED-9DB8-882596F9F5AC}
	EndGlobalSection
	GlobalSection(ExtensibilityGlobals) = postSolution
		SolutionGuid = {AD51B367-2ED9-4481-8B57-EFCA1603AC75}
	EndGlobalSection
EndGlobal
